
Microsoft Visual Studio Solution File, Format Version 12.00
# Visual Studio Version 17
VisualStudioVersion = 17.2.32630.192
MinimumVisualStudioVersion = 10.0.40219.1
Project("{FAE04EC0-301F-11D3-BF4B-00C04F79EFBC}") = "LearnApp_001.Android", "LearnApp_001.Android\LearnApp_001.Android.csproj", "{D9D1743B-9887-4F4D-8727-217BF4556B02}"
EndProject
Project("{FAE04EC0-301F-11D3-BF4B-00C04F79EFBC}") = "LearnApp_001.iOS", "LearnApp_001.iOS\LearnApp_001.iOS.csproj", "{EFDED5CA-EC1B-4A14-BAA8-8F8CF8C56C85}"
EndProject
Project("{FAE04EC0-301F-11D3-BF4B-00C04F79EFBC}") = "LearnApp_001", "LearnApp_001\LearnApp_001.csproj", "{CC9111D3-3211-4E74-B9C8-D36332CAD6FC}"
EndProject
Global
	GlobalSection(SolutionConfigurationPlatforms) = preSolution
		Debug|Any CPU = Debug|Any CPU
		Debug|iPhone = Debug|iPhone
		Debug|iPhoneSimulator = Debug|iPhoneSimulator
		Release|Any CPU = Release|Any CPU
		Release|iPhone = Release|iPhone
		Release|iPhoneSimulator = Release|iPhoneSimulator
	EndGlobalSection
	GlobalSection(ProjectConfigurationPlatforms) = postSolution
		{D9D1743B-9887-4F4D-8727-217BF4556B02}.Debug|Any CPU.ActiveCfg = Debug|Any CPU
		{D9D1743B-9887-4F4D-8727-217BF4556B02}.Debug|Any CPU.Build.0 = Debug|Any CPU
		{D9D1743B-9887-4F4D-8727-217BF4556B02}.Debug|Any CPU.Deploy.0 = Debug|Any CPU
		{D9D1743B-9887-4F4D-8727-217BF4556B02}.Debug|iPhone.ActiveCfg = Debug|Any CPU
		{D9D1743B-9887-4F4D-8727-217BF4556B02}.Debug|iPhone.Build.0 = Debug|Any CPU
		{D9D1743B-9887-4F4D-8727-217BF4556B02}.Debug|iPhone.Deploy.0 = Debug|Any CPU
		{D9D1743B-9887-4F4D-8727-217BF4556B02}.Debug|iPhoneSimulator.ActiveCfg = Debug|Any CPU
		{D9D1743B-9887-4F4D-8727-217BF4556B02}.Debug|iPhoneSimulator.Build.0 = Debug|Any CPU
		{D9D1743B-9887-4F4D-8727-217BF4556B02}.Debug|iPhoneSimulator.Deploy.0 = Debug|Any CPU
		{D9D1743B-9887-4F4D-8727-217BF4556B02}.Release|Any CPU.ActiveCfg = Release|Any CPU
		{D9D1743B-9887-4F4D-8727-217BF4556B02}.Release|Any CPU.Build.0 = Release|Any CPU
		{D9D1743B-9887-4F4D-8727-217BF4556B02}.Release|Any CPU.Deploy.0 = Release|Any CPU
		{D9D1743B-9887-4F4D-8727-217BF4556B02}.Release|iPhone.ActiveCfg = Release|Any CPU
		{D9D1743B-9887-4F4D-8727-217BF4556B02}.Release|iPhone.Build.0 = Release|Any CPU
		{D9D1743B-9887-4F4D-8727-217BF4556B02}.Release|iPhone.Deploy.0 = Release|Any CPU
		{D9D1743B-9887-4F4D-8727-217BF4556B02}.Release|iPhoneSimulator.ActiveCfg = Release|Any CPU
		{D9D1743B-9887-4F4D-8727-217BF4556B02}.Release|iPhoneSimulator.Build.0 = Release|Any CPU
		{D9D1743B-9887-4F4D-8727-217BF4556B02}.Release|iPhoneSimulator.Deploy.0 = Release|Any CPU
		{EFDED5CA-EC1B-4A14-BAA8-8F8CF8C56C85}.Debug|Any CPU.ActiveCfg = Debug|iPhone
		{EFDED5CA-EC1B-4A14-BAA8-8F8CF8C56C85}.Debug|Any CPU.Build.0 = Debug|iPhone
		{EFDED5CA-EC1B-4A14-BAA8-8F8CF8C56C85}.Debug|Any CPU.Deploy.0 = Debug|iPhone
		{EFDED5CA-EC1B-4A14-BAA8-8F8CF8C56C85}.Debug|iPhone.ActiveCfg = Debug|iPhone
		{EFDED5CA-EC1B-4A14-BAA8-8F8CF8C56C85}.Debug|iPhone.Build.0 = Debug|iPhone
		{EFDED5CA-EC1B-4A14-BAA8-8F8CF8C56C85}.Debug|iPhone.Deploy.0 = Debug|iPhone
		{EFDED5CA-EC1B-4A14-BAA8-8F8CF8C56C85}.Debug|iPhoneSimulator.ActiveCfg = Debug|iPhoneSimulator
		{EFDED5CA-EC1B-4A14-BAA8-8F8CF8C56C85}.Debug|iPhoneSimulator.Build.0 = Debug|iPhoneSimulator
		{EFDED5CA-EC1B-4A14-BAA8-8F8CF8C56C85}.Debug|iPhoneSimulator.Deploy.0 = Debug|iPhoneSimulator
		{EFDED5CA-EC1B-4A14-BAA8-8F8CF8C56C85}.Release|Any CPU.ActiveCfg = Release|iPhoneSimulator
		{EFDED5CA-EC1B-4A14-BAA8-8F8CF8C56C85}.Release|Any CPU.Build.0 = Release|iPhoneSimulator
		{EFDED5CA-EC1B-4A14-BAA8-8F8CF8C56C85}.Release|Any CPU.Deploy.0 = Release|iPhoneSimulator
		{EFDED5CA-EC1B-4A14-BAA8-8F8CF8C56C85}.Release|iPhone.ActiveCfg = Release|iPhone
		{EFDED5CA-EC1B-4A14-BAA8-8F8CF8C56C85}.Release|iPhone.Build.0 = Release|iPhone
		{EFDED5CA-EC1B-4A14-BAA8-8F8CF8C56C85}.Release|iPhone.Deploy.0 = Release|iPhone
		{EFDED5CA-EC1B-4A14-BAA8-8F8CF8C56C85}.Release|iPhoneSimulator.ActiveCfg = Release|iPhoneSimulator
		{EFDED5CA-EC1B-4A14-BAA8-8F8CF8C56C85}.Release|iPhoneSimulator.Build.0 = Release|iPhoneSimulator
		{EFDED5CA-EC1B-4A14-BAA8-8F8CF8C56C85}.Release|iPhoneSimulator.Deploy.0 = Release|iPhoneSimulator
		{CC9111D3-3211-4E74-B9C8-D36332CAD6FC}.Debug|Any CPU.ActiveCfg = Debug|Any CPU
		{CC9111D3-3211-4E74-B9C8-D36332CAD6FC}.Debug|Any CPU.Build.0 = Debug|Any CPU
		{CC9111D3-3211-4E74-B9C8-D36332CAD6FC}.Debug|Any CPU.Deploy.0 = Debug|Any CPU
		{CC9111D3-3211-4E74-B9C8-D36332CAD6FC}.Debug|iPhone.ActiveCfg = Debug|Any CPU
		{CC9111D3-3211-4E74-B9C8-D36332CAD6FC}.Debug|iPhone.Build.0 = Debug|Any CPU
		{CC9111D3-3211-4E74-B9C8-D36332CAD6FC}.Debug|iPhone.Deploy.0 = Debug|Any CPU
		{CC9111D3-3211-4E74-B9C8-D36332CAD6FC}.Debug|iPhoneSimulator.ActiveCfg = Debug|Any CPU
		{CC9111D3-3211-4E74-B9C8-D36332CAD6FC}.Debug|iPhoneSimulator.Build.0 = Debug|Any CPU
		{CC9111D3-3211-4E74-B9C8-D36332CAD6FC}.Debug|iPhoneSimulator.Deploy.0 = Debug|Any CPU
		{CC9111D3-3211-4E74-B9C8-D36332CAD6FC}.Release|Any CPU.ActiveCfg = Release|Any CPU
		{CC9111D3-3211-4E74-B9C8-D36332CAD6FC}.Release|Any CPU.Build.0 = Release|Any CPU
		{CC9111D3-3211-4E74-B9C8-D36332CAD6FC}.Release|Any CPU.Deploy.0 = Release|Any CPU
		{CC9111D3-3211-4E74-B9C8-D36332CAD6FC}.Release|iPhone.ActiveCfg = Release|Any CPU
		{CC9111D3-3211-4E74-B9C8-D36332CAD6FC}.Release|iPhone.Build.0 = Release|Any CPU
		{CC9111D3-3211-4E74-B9C8-D36332CAD6FC}.Release|iPhone.Deploy.0 = Release|Any CPU
		{CC9111D3-3211-4E74-B9C8-D36332CAD6FC}.Release|iPhoneSimulator.ActiveCfg = Release|Any CPU
		{CC9111D3-3211-4E74-B9C8-D36332CAD6FC}.Release|iPhoneSimulator.Build.0 = Release|Any CPU
		{CC9111D3-3211-4E74-B9C8-D36332CAD6FC}.Release|iPhoneSimulator.Deploy.0 = Release|Any CPU
	EndGlobalSection
	GlobalSection(SolutionProperties) = preSolution
		HideSolutionNode = FALSE
	EndGlobalSection
	GlobalSection(ExtensibilityGlobals) = postSolution
		SolutionGuid = {3940BFCD-05B4-440D-93E8-4CA33C77776F}
	EndGlobalSection
EndGlobal
